{
  "requires": true,
  "lockfileVersion": 1,
  "dependencies": {
    "vuetify": {
      "version": "2.2.19",
      "resolved": "https://registry.npmjs.org/vuetify/-/vuetify-2.2.19.tgz",
      "integrity": "sha512-6o+wdB77FBTkZsFlF8g3W5paG6CsFWtxv6gjkovOQ1P0nggTX8AbIGYIX7xHiOqG+PvBsoIfOEt2E/x6U/d45g=="
    }
  }
}
